{
    "_meta": {
        "hash": {
            "sha256": "cf83fa8c11c627cc6971938c010de38cdbbb6fbeaca291da07f16eb349664cd2"
        },
        "pipfile-spec": 6,
        "requires": {},
        "sources": [
            {
                "name": "pypi",
                "url": "https://pypi.org/simple",
                "verify_ssl": true
            }
        ]
    },
    "default": {
        "astropy": {
            "hashes": [
                "sha256:1fa4437fe8d1e103f14cb1cb4e8449c93ae4190b5e9fd97e9c61a5155de9af0d",
                "sha256:2576579befb0674cdfd18f5cc138c919a109c6886a25aa3d8ed8ab4e4607c581",
                "sha256:4c4971abae8e3ddfb8f40447d78aaf24e6ce44b976b3874770ff533609050366",
                "sha256:4ce096dde6b86a87aa84aec4198732ec379fbb7649af66a96f85b96d17214c2a",
                "sha256:69f5a3789a8a4cb00815630b63f950be629a983896dc1aba92566ccc7937a77d",
                "sha256:6e0f7ecbb2a8acb3eace99bcaca30dd1ce001e6f4750a009fd9cc3b8d1b49c58",
                "sha256:6f3f9fe1d76d151428a8d2bc7d50f4a47ae6e7141c11880a3ad259ac7b906b03",
                "sha256:830fb4b19c36bf8092fdd74ecf9df5b78c6435bf571c5e09b7f644875148a058",
                "sha256:887db411555692fb1858ae305f87fd2ff42a021b68c78abbf3fa1fc64641e895",
                "sha256:8e82fdad3417b70af381945aa42fdae0f11bc9aaf94b95027b1e24379bf847d6",
                "sha256:9a707c534408d26d90014a1938af883f6cbf43a3dd78df8bb9a191d275c09f8d",
                "sha256:9ed6116d07de02183d966e9a5dabc86f6fd3d86cc3e1e8b9feef89fd757be8a6",
                "sha256:a3a6c63abc95d094cd3062e32c1ebf80c07502e4f3094b1e276458db5ce6b6a2",
                "sha256:a489c2322136b76a43208e3e9b5a7947a7fd624a10e49d2909b94f12b624da06",
                "sha256:ae59e4d41461ad96a2573bc51408000a7b4f90dce2bad07646fa6409a12a5a74",
                "sha256:b4c4d3a14e8e3a33208683331b16a721ab9f9493ed998d34533532fdaeaa3642",
                "sha256:bbce56f46ec1051fd67a5e2244e5f2e08599a176fe524c0bee2294c62be317b3",
                "sha256:c656c7fd3d862bcb9d3c4a87b8e9488d0c351b4edf348410c09a26641b9d4731",
                "sha256:c713695e39f5a874705bc3bd262c5d218890e3e7c43f0b6c0b5e7d46bdff527c",
                "sha256:d2cc6503b79d4fb61ca80e1d37dd609fabca6d2e0124e17f831cc08c2e6ff75e",
                "sha256:d490f7e2faac2ccc01c9244202d629154259af8a979104ced89dc4ace4e6f1d8",
                "sha256:d5d1a1be788344f11a94a5356c1a25b4d45f1736b740edb4d8e3a272b872a8fa",
                "sha256:d8f58f53294f07cd3f9173bb113ad60d2cd823501c99251891936202fed76681",
                "sha256:d915e6370315a1a6a40c2576e77d0063f48cc3b5f8873087cad8ad19dd429d19",
                "sha256:e4033d7a6bd2da38b83ec65f7282dfeb2641f2b2d41b1cd392cdbe3d6f8abfff",
                "sha256:e85871ec762fc7eab2f7e716c97dad1b3c546bb75941ea7fae6c8eadd51f0bf8",
                "sha256:f0bb2b9b93bc879bcd032931e7fc07c3a3de6f9546fed17f0f12974e0ffc83e0",
                "sha256:f79400dc6641bb0202a8998cfb08ad1afe197818e27c946491a292e2ffd16a1b",
                "sha256:fd0baa7621d03aa74bb8ba673d7955381d15aed4f30dc2a56654560401fc3aca"
            ],
            "index": "pypi",
            "version": "==5.3.4"
        },
        "black": {
            "hashes": [
                "sha256:037e9b4664cafda5f025a1728c50a9e9aedb99a759c89f760bd83730e76ba884",
                "sha256:1b917a2aa020ca600483a7b340c165970b26e9029067f019e3755b56e8dd5916",
                "sha256:1f8ce316753428ff68749c65a5f7844631aa18c8679dfd3ca9dc1a289979c258",
                "sha256:33d40f5b06be80c1bbce17b173cda17994fbad096ce60eb22054da021bf933d1",
                "sha256:3f157a8945a7b2d424da3335f7ace89c14a3b0625e6593d21139c2d8214d55ce",
                "sha256:5ed45ac9a613fb52dad3b61c8dea2ec9510bf3108d4db88422bacc7d1ba1243d",
                "sha256:6d23d7822140e3fef190734216cefb262521789367fbdc0b3f22af6744058982",
                "sha256:7670242e90dc129c539e9ca17665e39a146a761e681805c54fbd86015c7c84f7",
                "sha256:7b4d10b0f016616a0d93d24a448100adf1699712fb7a4efd0e2c32bbb219b173",
                "sha256:7cb5936e686e782fddb1c73f8aa6f459e1ad38a6a7b0e54b403f1f05a1507ee9",
                "sha256:7d56124b7a61d092cb52cce34182a5280e160e6aff3137172a68c2c2c4b76bcb",
                "sha256:840015166dbdfbc47992871325799fd2dc0dcf9395e401ada6d88fe11498abad",
                "sha256:9c74de4c77b849e6359c6f01987e94873c707098322b91490d24296f66d067dc",
                "sha256:b15b75fc53a2fbcac8a87d3e20f69874d161beef13954747e053bca7a1ce53a0",
                "sha256:cfcce6f0a384d0da692119f2d72d79ed07c7159879d0bb1bb32d2e443382bf3a",
                "sha256:d431e6739f727bb2e0495df64a6c7a5310758e87505f5f8cde9ff6c0f2d7e4fe",
                "sha256:e293e4c2f4a992b980032bbd62df07c1bcff82d6964d6c9496f2cd726e246ace",
                "sha256:ec3f8e6234c4e46ff9e16d9ae96f4ef69fa328bb4ad08198c8cee45bb1f08c69"
            ],
            "index": "pypi",
            "version": "==23.10.1"
        },
        "cached-property": {
            "hashes": [
                "sha256:9fa5755838eecbb2d234c3aa390bd80fbd3ac6b6869109bfc1b499f7bd89a130",
                "sha256:df4f613cf7ad9a588cc381aaf4a512d26265ecebd5eb9e1ba12f1319eb85a6a0"
            ],
            "index": "pypi",
            "version": "==1.5.2"
        },
        "certifi": {
            "hashes": [
                "sha256:539cc1d13202e33ca466e88b2807e29f4c13049d6d87031a3c110744495cb082",
                "sha256:92d6037539857d8206b8f6ae472e8b77db8058fec5937a1ef3f54304089edbb9"
            ],
            "markers": "python_version >= '3.6'",
            "version": "==2023.7.22"
        },
        "charset-normalizer": {
            "hashes": [
                "sha256:06cf46bdff72f58645434d467bf5228080801298fbba19fe268a01b4534467f5",
                "sha256:0c8c61fb505c7dad1d251c284e712d4e0372cef3b067f7ddf82a7fa82e1e9a93",
                "sha256:10b8dd31e10f32410751b3430996f9807fc4d1587ca69772e2aa940a82ab571a",
                "sha256:1171ef1fc5ab4693c5d151ae0fdad7f7349920eabbaca6271f95969fa0756c2d",
                "sha256:17a866d61259c7de1bdadef418a37755050ddb4b922df8b356503234fff7932c",
                "sha256:1d6bfc32a68bc0933819cfdfe45f9abc3cae3877e1d90aac7259d57e6e0f85b1",
                "sha256:1ec937546cad86d0dce5396748bf392bb7b62a9eeb8c66efac60e947697f0e58",
                "sha256:223b4d54561c01048f657fa6ce41461d5ad8ff128b9678cfe8b2ecd951e3f8a2",
                "sha256:2465aa50c9299d615d757c1c888bc6fef384b7c4aec81c05a0172b4400f98557",
                "sha256:28f512b9a33235545fbbdac6a330a510b63be278a50071a336afc1b78781b147",
                "sha256:2c092be3885a1b7899cd85ce24acedc1034199d6fca1483fa2c3a35c86e43041",
                "sha256:2c4c99f98fc3a1835af8179dcc9013f93594d0670e2fa80c83aa36346ee763d2",
                "sha256:31445f38053476a0c4e6d12b047b08ced81e2c7c712e5a1ad97bc913256f91b2",
                "sha256:31bbaba7218904d2eabecf4feec0d07469284e952a27400f23b6628439439fa7",
                "sha256:34d95638ff3613849f473afc33f65c401a89f3b9528d0d213c7037c398a51296",
                "sha256:352a88c3df0d1fa886562384b86f9a9e27563d4704ee0e9d56ec6fcd270ea690",
                "sha256:39b70a6f88eebe239fa775190796d55a33cfb6d36b9ffdd37843f7c4c1b5dc67",
                "sha256:3c66df3f41abee950d6638adc7eac4730a306b022570f71dd0bd6ba53503ab57",
                "sha256:3f70fd716855cd3b855316b226a1ac8bdb3caf4f7ea96edcccc6f484217c9597",
                "sha256:3f9bc2ce123637a60ebe819f9fccc614da1bcc05798bbbaf2dd4ec91f3e08846",
                "sha256:3fb765362688821404ad6cf86772fc54993ec11577cd5a92ac44b4c2ba52155b",
                "sha256:45f053a0ece92c734d874861ffe6e3cc92150e32136dd59ab1fb070575189c97",
                "sha256:46fb9970aa5eeca547d7aa0de5d4b124a288b42eaefac677bde805013c95725c",
                "sha256:4cb50a0335382aac15c31b61d8531bc9bb657cfd848b1d7158009472189f3d62",
                "sha256:4e12f8ee80aa35e746230a2af83e81bd6b52daa92a8afaef4fea4a2ce9b9f4fa",
                "sha256:4f3100d86dcd03c03f7e9c3fdb23d92e32abbca07e7c13ebd7ddfbcb06f5991f",
                "sha256:4f6e2a839f83a6a76854d12dbebde50e4b1afa63e27761549d006fa53e9aa80e",
                "sha256:4f861d94c2a450b974b86093c6c027888627b8082f1299dfd5a4bae8e2292821",
                "sha256:501adc5eb6cd5f40a6f77fbd90e5ab915c8fd6e8c614af2db5561e16c600d6f3",
                "sha256:520b7a142d2524f999447b3a0cf95115df81c4f33003c51a6ab637cbda9d0bf4",
                "sha256:548eefad783ed787b38cb6f9a574bd8664468cc76d1538215d510a3cd41406cb",
                "sha256:555fe186da0068d3354cdf4bbcbc609b0ecae4d04c921cc13e209eece7720727",
                "sha256:55602981b2dbf8184c098bc10287e8c245e351cd4fdcad050bd7199d5a8bf514",
                "sha256:58e875eb7016fd014c0eea46c6fa92b87b62c0cb31b9feae25cbbe62c919f54d",
                "sha256:5a3580a4fdc4ac05f9e53c57f965e3594b2f99796231380adb2baaab96e22761",
                "sha256:5b70bab78accbc672f50e878a5b73ca692f45f5b5e25c8066d748c09405e6a55",
                "sha256:5ceca5876032362ae73b83347be8b5dbd2d1faf3358deb38c9c88776779b2e2f",
                "sha256:61f1e3fb621f5420523abb71f5771a204b33c21d31e7d9d86881b2cffe92c47c",
                "sha256:633968254f8d421e70f91c6ebe71ed0ab140220469cf87a9857e21c16687c034",
                "sha256:63a6f59e2d01310f754c270e4a257426fe5a591dc487f1983b3bbe793cf6bac6",
                "sha256:63accd11149c0f9a99e3bc095bbdb5a464862d77a7e309ad5938fbc8721235ae",
                "sha256:6db3cfb9b4fcecb4390db154e75b49578c87a3b9979b40cdf90d7e4b945656e1",
                "sha256:71ef3b9be10070360f289aea4838c784f8b851be3ba58cf796262b57775c2f14",
                "sha256:7ae8e5142dcc7a49168f4055255dbcced01dc1714a90a21f87448dc8d90617d1",
                "sha256:7b6cefa579e1237ce198619b76eaa148b71894fb0d6bcf9024460f9bf30fd228",
                "sha256:800561453acdecedaac137bf09cd719c7a440b6800ec182f077bb8e7025fb708",
                "sha256:82ca51ff0fc5b641a2d4e1cc8c5ff108699b7a56d7f3ad6f6da9dbb6f0145b48",
                "sha256:851cf693fb3aaef71031237cd68699dded198657ec1e76a76eb8be58c03a5d1f",
                "sha256:854cc74367180beb327ab9d00f964f6d91da06450b0855cbbb09187bcdb02de5",
                "sha256:87071618d3d8ec8b186d53cb6e66955ef2a0e4fa63ccd3709c0c90ac5a43520f",
                "sha256:871d045d6ccc181fd863a3cd66ee8e395523ebfbc57f85f91f035f50cee8e3d4",
                "sha256:8aee051c89e13565c6bd366813c386939f8e928af93c29fda4af86d25b73d8f8",
                "sha256:8af5a8917b8af42295e86b64903156b4f110a30dca5f3b5aedea123fbd638bff",
                "sha256:8ec8ef42c6cd5856a7613dcd1eaf21e5573b2185263d87d27c8edcae33b62a61",
                "sha256:91e43805ccafa0a91831f9cd5443aa34528c0c3f2cc48c4cb3d9a7721053874b",
                "sha256:9505dc359edb6a330efcd2be825fdb73ee3e628d9010597aa1aee5aa63442e97",
                "sha256:985c7965f62f6f32bf432e2681173db41336a9c2611693247069288bcb0c7f8b",
                "sha256:9a74041ba0bfa9bc9b9bb2cd3238a6ab3b7618e759b41bd15b5f6ad958d17605",
                "sha256:9edbe6a5bf8b56a4a84533ba2b2f489d0046e755c29616ef8830f9e7d9cf5728",
                "sha256:a15c1fe6d26e83fd2e5972425a772cca158eae58b05d4a25a4e474c221053e2d",
                "sha256:a66bcdf19c1a523e41b8e9d53d0cedbfbac2e93c649a2e9502cb26c014d0980c",
                "sha256:ae4070f741f8d809075ef697877fd350ecf0b7c5837ed68738607ee0a2c572cf",
                "sha256:ae55d592b02c4349525b6ed8f74c692509e5adffa842e582c0f861751701a673",
                "sha256:b578cbe580e3b41ad17b1c428f382c814b32a6ce90f2d8e39e2e635d49e498d1",
                "sha256:b891a2f68e09c5ef989007fac11476ed33c5c9994449a4e2c3386529d703dc8b",
                "sha256:baec8148d6b8bd5cee1ae138ba658c71f5b03e0d69d5907703e3e1df96db5e41",
                "sha256:bb06098d019766ca16fc915ecaa455c1f1cd594204e7f840cd6258237b5079a8",
                "sha256:bc791ec3fd0c4309a753f95bb6c749ef0d8ea3aea91f07ee1cf06b7b02118f2f",
                "sha256:bd28b31730f0e982ace8663d108e01199098432a30a4c410d06fe08fdb9e93f4",
                "sha256:be4d9c2770044a59715eb57c1144dedea7c5d5ae80c68fb9959515037cde2008",
                "sha256:c0c72d34e7de5604df0fde3644cc079feee5e55464967d10b24b1de268deceb9",
                "sha256:c0e842112fe3f1a4ffcf64b06dc4c61a88441c2f02f373367f7b4c1aa9be2ad5",
                "sha256:c15070ebf11b8b7fd1bfff7217e9324963c82dbdf6182ff7050519e350e7ad9f",
                "sha256:c2000c54c395d9e5e44c99dc7c20a64dc371f777faf8bae4919ad3e99ce5253e",
                "sha256:c30187840d36d0ba2893bc3271a36a517a717f9fd383a98e2697ee890a37c273",
                "sha256:cb7cd68814308aade9d0c93c5bd2ade9f9441666f8ba5aa9c2d4b389cb5e2a45",
                "sha256:cd805513198304026bd379d1d516afbf6c3c13f4382134a2c526b8b854da1c2e",
                "sha256:d0bf89afcbcf4d1bb2652f6580e5e55a840fdf87384f6063c4a4f0c95e378656",
                "sha256:d9137a876020661972ca6eec0766d81aef8a5627df628b664b234b73396e727e",
                "sha256:dbd95e300367aa0827496fe75a1766d198d34385a58f97683fe6e07f89ca3e3c",
                "sha256:dced27917823df984fe0c80a5c4ad75cf58df0fbfae890bc08004cd3888922a2",
                "sha256:de0b4caa1c8a21394e8ce971997614a17648f94e1cd0640fbd6b4d14cab13a72",
                "sha256:debb633f3f7856f95ad957d9b9c781f8e2c6303ef21724ec94bea2ce2fcbd056",
                "sha256:e372d7dfd154009142631de2d316adad3cc1c36c32a38b16a4751ba78da2a397",
                "sha256:ecd26be9f112c4f96718290c10f4caea6cc798459a3a76636b817a0ed7874e42",
                "sha256:edc0202099ea1d82844316604e17d2b175044f9bcb6b398aab781eba957224bd",
                "sha256:f194cce575e59ffe442c10a360182a986535fd90b57f7debfaa5c845c409ecc3",
                "sha256:f5fb672c396d826ca16a022ac04c9dce74e00a1c344f6ad1a0fdc1ba1f332213",
                "sha256:f6a02a3c7950cafaadcd46a226ad9e12fc9744652cc69f9e5534f98b47f3bbcf",
                "sha256:fe81b35c33772e56f4b6cf62cf4aedc1762ef7162a31e6ac7fe5e40d0149eb67"
            ],
            "markers": "python_full_version >= '3.7.0'",
            "version": "==3.3.1"
        },
        "click": {
            "hashes": [
                "sha256:ae74fb96c20a0277a1d615f1e4d73c8414f5a98db8b799a7931d1582f3390c28",
                "sha256:ca9853ad459e787e2192211578cc907e7594e294c7ccc834310722b41b9ca6de"
            ],
            "markers": "python_version >= '3.7'",
            "version": "==8.1.7"
        },
        "dateparser": {
            "hashes": [
                "sha256:070b29b5bbf4b1ec2cd51c96ea040dc68a614de703910a91ad1abba18f9f379f",
                "sha256:86b8b7517efcc558f085a142cdb7620f0921543fcabdb538c8a4c4001d8178e3"
            ],
            "index": "pypi",
            "version": "==1.1.8"
        },
        "geographiclib": {
            "hashes": [
                "sha256:6b7225248e45ff7edcee32becc4e0a1504c606ac5ee163a5656d482e0cd38734",
                "sha256:f7f41c85dc3e1c2d3d935ec86660dc3b2c848c83e17f9a9e51ba9d5146a15859"
            ],
            "markers": "python_version >= '3.7'",
            "version": "==2.0"
        },
        "geopy": {
            "hashes": [
                "sha256:a59392bf17adb486b25dbdd71fbed27733bdf24a2dac588047a619de56695e36",
                "sha256:d2639a46d0ce4c091e9688b750ba94348a14b898a1e55c68f4b4a07e7d1afa20"
            ],
            "index": "pypi",
            "version": "==2.4.0"
        },
        "h5py": {
            "hashes": [
                "sha256:012ab448590e3c4f5a8dd0f3533255bc57f80629bf7c5054cf4c87b30085063c",
                "sha256:212bb997a91e6a895ce5e2f365ba764debeaef5d2dca5c6fb7098d66607adf99",
                "sha256:2381e98af081b6df7f6db300cd88f88e740649d77736e4b53db522d8874bf2dc",
                "sha256:2c8e4fda19eb769e9a678592e67eaec3a2f069f7570c82d2da909c077aa94339",
                "sha256:3074ec45d3dc6e178c6f96834cf8108bf4a60ccb5ab044e16909580352010a97",
                "sha256:3c97d03f87f215e7759a354460fb4b0d0f27001450b18b23e556e7856a0b21c3",
                "sha256:43a61b2c2ad65b1fabc28802d133eed34debcc2c8b420cb213d3d4ef4d3e2229",
                "sha256:492305a074327e8d2513011fa9fffeb54ecb28a04ca4c4227d7e1e9616d35641",
                "sha256:5dfc65ac21fa2f630323c92453cadbe8d4f504726ec42f6a56cf80c2f90d6c52",
                "sha256:667fe23ab33d5a8a6b77970b229e14ae3bb84e4ea3382cc08567a02e1499eedd",
                "sha256:6c013d2e79c00f28ffd0cc24e68665ea03ae9069e167087b2adb5727d2736a52",
                "sha256:781a24263c1270a62cd67be59f293e62b76acfcc207afa6384961762bb88ea03",
                "sha256:86df4c2de68257b8539a18646ceccdcf2c1ce6b1768ada16c8dcfb489eafae20",
                "sha256:90286b79abd085e4e65e07c1bd7ee65a0f15818ea107f44b175d2dfe1a4674b7",
                "sha256:92273ce69ae4983dadb898fd4d3bea5eb90820df953b401282ee69ad648df684",
                "sha256:93dd840bd675787fc0b016f7a05fc6efe37312a08849d9dd4053fd0377b1357f",
                "sha256:9450464b458cca2c86252b624279115dcaa7260a40d3cb1594bf2b410a2bd1a3",
                "sha256:ae2f0201c950059676455daf92700eeb57dcf5caaf71b9e1328e6e6593601770",
                "sha256:aece0e2e1ed2aab076c41802e50a0c3e5ef8816d60ece39107d68717d4559824",
                "sha256:b963fb772964fc1d1563c57e4e2e874022ce11f75ddc6df1a626f42bd49ab99f",
                "sha256:ba9ab36be991119a3ff32d0c7cbe5faf9b8d2375b5278b2aea64effbeba66039",
                "sha256:d4682b94fd36ab217352be438abd44c8f357c5449b8995e63886b431d260f3d3",
                "sha256:d93adc48ceeb33347eb24a634fb787efc7ae4644e6ea4ba733d099605045c049",
                "sha256:f42e6c30698b520f0295d70157c4e202a9e402406f50dc08f5a7bc416b24e52d",
                "sha256:fd6f6d1384a9f491732cee233b99cd4bfd6e838a8815cc86722f9d2ee64032af"
            ],
            "index": "pypi",
            "version": "==3.10.0"
        },
        "idna": {
            "hashes": [
                "sha256:814f528e8dead7d329833b91c5faa87d60bf71824cd12a7530b5526063d02cb4",
                "sha256:90b77e79eaa3eba6de819a0c442c0b4ceefc341a7a2ab77d7562bf49f425c5c2"
            ],
            "markers": "python_version >= '3.5'",
            "version": "==3.4"
        },
        "jplephem": {
            "hashes": [
                "sha256:c162454c656d6e5203ff9701d826671faf9f3209d971cbb68ddb46003dff6dcf",
                "sha256:eb1ef089050557725f747f9e5c3afc0fb5978261ae620c5b6a1f66a3cc7565df"
            ],
            "version": "==2.19"
        },
        "mypy-extensions": {
            "hashes": [
                "sha256:4392f6c0eb8a5668a69e23d168ffa70f0be9ccfd32b5cc2d26a34ae5b844552d",
                "sha256:75dbf8955dc00442a438fc4d0666508a9a97b6bd41aa2f0ffe9d2f2725af0782"
            ],
            "markers": "python_version >= '3.5'",
            "version": "==1.0.0"
        },
        "numpy": {
            "hashes": [
                "sha256:06934e1a22c54636a059215d6da99e23286424f316fddd979f5071093b648668",
                "sha256:1c59c046c31a43310ad0199d6299e59f57a289e22f0f36951ced1c9eac3665b9",
                "sha256:1d1bd82d539607951cac963388534da3b7ea0e18b149a53cf883d8f699178c0f",
                "sha256:1e11668d6f756ca5ef534b5be8653d16c5352cbb210a5c2a79ff288e937010d5",
                "sha256:3649d566e2fc067597125428db15d60eb42a4e0897fc48d28cb75dc2e0454e53",
                "sha256:59227c981d43425ca5e5c01094d59eb14e8772ce6975d4b2fc1e106a833d5ae2",
                "sha256:6081aed64714a18c72b168a9276095ef9155dd7888b9e74b5987808f0dd0a974",
                "sha256:6965888d65d2848e8768824ca8288db0a81263c1efccec881cb35a0d805fcd2f",
                "sha256:76ff661a867d9272cd2a99eed002470f46dbe0943a5ffd140f49be84f68ffc42",
                "sha256:78ca54b2f9daffa5f323f34cdf21e1d9779a54073f0018a3094ab907938331a2",
                "sha256:82e871307a6331b5f09efda3c22e03c095d957f04bf6bc1804f30048d0e5e7af",
                "sha256:8ab9163ca8aeb7fd32fe93866490654d2f7dda4e61bc6297bf72ce07fdc02f67",
                "sha256:9696aa2e35cc41e398a6d42d147cf326f8f9d81befcb399bc1ed7ffea339b64e",
                "sha256:97e5d6a9f0702c2863aaabf19f0d1b6c2628fbe476438ce0b5ce06e83085064c",
                "sha256:9f42284ebf91bdf32fafac29d29d4c07e5e9d1af862ea73686581773ef9e73a7",
                "sha256:a03fb25610ef560a6201ff06df4f8105292ba56e7cdd196ea350d123fc32e24e",
                "sha256:a5b411040beead47a228bde3b2241100454a6abde9df139ed087bd73fc0a4908",
                "sha256:af22f3d8e228d84d1c0c44c1fbdeb80f97a15a0abe4f080960393a00db733b66",
                "sha256:afd5ced4e5a96dac6725daeb5242a35494243f2239244fad10a90ce58b071d24",
                "sha256:b9d45d1dbb9de84894cc50efece5b09939752a2d75aab3a8b0cef6f3a35ecd6b",
                "sha256:bb894accfd16b867d8643fc2ba6c8617c78ba2828051e9a69511644ce86ce83e",
                "sha256:c8c6c72d4a9f831f328efb1312642a1cafafaa88981d9ab76368d50d07d93cbe",
                "sha256:cd7837b2b734ca72959a1caf3309457a318c934abef7a43a14bb984e574bbb9a",
                "sha256:cdd9ec98f0063d93baeb01aad472a1a0840dee302842a2746a7a8e92968f9575",
                "sha256:d1cfc92db6af1fd37a7bb58e55c8383b4aa1ba23d012bdbba26b4bcca45ac297",
                "sha256:d1d2c6b7dd618c41e202c59c1413ef9b2c8e8a15f5039e344af64195459e3104",
                "sha256:d2984cb6caaf05294b8466966627e80bf6c7afd273279077679cb010acb0e5ab",
                "sha256:d58e8c51a7cf43090d124d5073bc29ab2755822181fcad978b12e144e5e5a4b3",
                "sha256:d78f269e0c4fd365fc2992c00353e4530d274ba68f15e968d8bc3c69ce5f5244",
                "sha256:dcfaf015b79d1f9f9c9fd0731a907407dc3e45769262d657d754c3a028586124",
                "sha256:e44ccb93f30c75dfc0c3aa3ce38f33486a75ec9abadabd4e59f114994a9c4617",
                "sha256:e509cbc488c735b43b5ffea175235cec24bbc57b227ef1acc691725beb230d1c"
            ],
            "index": "pypi",
            "version": "==1.26.1"
        },
        "packaging": {
            "hashes": [
                "sha256:048fb0e9405036518eaaf48a55953c750c11e1a1b68e0dd1a9d62ed0c092cfc5",
                "sha256:8c491190033a9af7e1d931d0b5dacc2ef47509b34dd0de67ed209b5203fc88c7"
            ],
            "markers": "python_version >= '3.7'",
            "version": "==23.2"
        },
        "pandas": {
            "hashes": [
                "sha256:021f09c15e1381e202d95d4a21ece8e7f2bf1388b6d7e9cae09dfe27bd2043d1",
                "sha256:02954e285e8e2f4006b6f22be6f0df1f1c3c97adbb7ed211c6b483426f20d5c8",
                "sha256:08d287b68fd28906a94564f15118a7ca8c242e50ae7f8bd91130c362b2108a81",
                "sha256:24057459f19db9ebb02984c6fdd164a970b31a95f38e4a49cf7615b36a1b532c",
                "sha256:25c9976c17311388fcd953cb3d0697999b2205333f4e11e669d90ff8d830d429",
                "sha256:3223f997b6d2ebf9c010260cf3d889848a93f5d22bb4d14cd32638b3d8bba7ad",
                "sha256:3f76280ce8ec216dde336e55b2b82e883401cf466da0fe3be317c03fb8ee7c7d",
                "sha256:52867d69a54e71666cd184b04e839cff7dfc8ed0cd6b936995117fdae8790b69",
                "sha256:52897edc2774d2779fbeb6880d2cfb305daa0b1a29c16b91f531a18918a6e0f3",
                "sha256:5aa6b86802e8cf7716bf4b4b5a3c99b12d34e9c6a9d06dad254447a620437931",
                "sha256:5b40c9f494e1f27588c369b9e4a6ca19cd924b3a0e1ef9ef1a8e30a07a438f43",
                "sha256:65177d1c519b55e5b7f094c660ed357bb7d86e799686bb71653b8a4803d8ff0d",
                "sha256:6ae6ffbd9d614c20d028c7117ee911fc4e266b4dca2065d5c5909e401f8ff683",
                "sha256:7ad20d24acf3a0042512b7e8d8fdc2e827126ed519d6bd1ed8e6c14ec8a2c813",
                "sha256:83c166b9bb27c1715bed94495d9598a7f02950b4749dba9349c1dd2cbf10729d",
                "sha256:851b5afbb0d62f6129ae891b533aa508cc357d5892c240c91933d945fff15731",
                "sha256:8d0382645ede2fde352da2a885aac28ec37d38587864c0689b4b2361d17b1d4c",
                "sha256:a6cf8fcc8a63d333970b950a7331a30544cf59b1a97baf0a7409e09eafc1ac38",
                "sha256:bbd98dcdcd32f408947afdb3f7434fade6edd408c3077bbce7bd840d654d92c6",
                "sha256:d594e2ce51b8e0b4074e6644758865dc2bb13fd654450c1eae51201260a539f1",
                "sha256:e78507adcc730533619de07bfdd1c62b2918a68cd4419ea386e28abf7f6a1e5c",
                "sha256:e7f12b2de0060b0b858cfec0016e7d980ae5bae455a1746bfcc70929100ee633",
                "sha256:e90c95abb3285d06f6e4feedafc134306a8eced93cb78e08cf50e224d5ce22e2",
                "sha256:eff794eeb7883c5aefb1ed572e7ff533ae779f6c6277849eab9e77986e352688",
                "sha256:fc4944dc004ca6cc701dfa19afb8bdb26ad36b9bed5bcec617d2a11e9cae6902"
            ],
            "index": "pypi",
            "version": "==2.1.2"
        },
        "pathspec": {
            "hashes": [
                "sha256:1d6ed233af05e679efb96b1851550ea95bbb64b7c490b0f5aa52996c11e92a20",
                "sha256:e0d8d0ac2f12da61956eb2306b69f9469b42f4deb0f3cb6ed47b9cce9996ced3"
            ],
            "markers": "python_version >= '3.7'",
            "version": "==0.11.2"
        },
        "platformdirs": {
            "hashes": [
                "sha256:cf8ee52a3afdb965072dcc652433e0c7e3e40cf5ea1477cd4b3b1d2eb75495b3",
                "sha256:e9d171d00af68be50e9202731309c4e658fd8bc76f55c11c7dd760d023bda68e"
            ],
            "markers": "python_version >= '3.7'",
            "version": "==3.11.0"
        },
        "pyerfa": {
            "hashes": [
                "sha256:08b5abb90b34e819c1fca69047a76c0d344cb0c8fe4f7c8773f032d8afd623b4",
                "sha256:0e95cf3d11f76f473bf011980e9ea367ca7e68ca675d8b32499814fb6e387d4c",
                "sha256:1c0c1efa701cab986aa58d03c58f77e47ea1898bff2684377d29580a055f836a",
                "sha256:1ce322ac30673c2aeb0ee22ced4938c1e9e26db0cbe175912a213aaff42383df",
                "sha256:1db85db72ab352da6ffc790e41209d8f41feb5b175d682cf1f0e3e60e9e5cdf8",
                "sha256:30649047b7a8ce19f43e4d18a26b8a44405a6bb406df16c687330a3b937723b2",
                "sha256:34ee545780246fb0d1d3f7e46a6daa152be06a26b2d27fbfe309cab9ab488ea7",
                "sha256:67dfc00dcdea87a9b3c0bb4596fb0cfb54ee9c1c75fdcf19411d1029a18f6eec",
                "sha256:94df7566ce5a5abb14e2dd1fe879204390639e9a76383ec27f10598eb24be760",
                "sha256:c50b7cdb005632931b7b56a679cf25361ed6b3aa7c21e491e65cc89cb337e66a",
                "sha256:dbac74ef8d3d3b0f22ef0ad3bbbdb30b2a9e10570b1fa5a98be34c7be36c9a6b"
            ],
            "markers": "python_version >= '3.9'",
            "version": "==2.0.1.1"
        },
        "python-dateutil": {
            "hashes": [
                "sha256:0123cacc1627ae19ddf3c27a5de5bd67ee4586fbdd6440d9748f8abb483d3e86",
                "sha256:961d03dc3453ebbc59dbdea9e4e11c5651520a876d0f4db161e8674aae935da9"
            ],
            "markers": "python_version >= '2.7' and python_version not in '3.0, 3.1, 3.2'",
            "version": "==2.8.2"
        },
        "pytz": {
            "hashes": [
                "sha256:7b4fddbeb94a1eba4b557da24f19fdf9db575192544270a9101d8509f9f43d7b",
                "sha256:ce42d816b81b68506614c11e8937d3aa9e41007ceb50bfdcb0749b921bf646c7"
            ],
            "index": "pypi",
            "version": "==2023.3.post1"
        },
        "pyyaml": {
            "hashes": [
                "sha256:04ac92ad1925b2cff1db0cfebffb6ffc43457495c9b3c39d3fcae417d7125dc5",
                "sha256:062582fca9fabdd2c8b54a3ef1c978d786e0f6b3a1510e0ac93ef59e0ddae2bc",
                "sha256:0d3304d8c0adc42be59c5f8a4d9e3d7379e6955ad754aa9d6ab7a398b59dd1df",
                "sha256:1635fd110e8d85d55237ab316b5b011de701ea0f29d07611174a1b42f1444741",
                "sha256:184c5108a2aca3c5b3d3bf9395d50893a7ab82a38004c8f61c258d4428e80206",
                "sha256:18aeb1bf9a78867dc38b259769503436b7c72f7a1f1f4c93ff9a17de54319b27",
                "sha256:1d4c7e777c441b20e32f52bd377e0c409713e8bb1386e1099c2415f26e479595",
                "sha256:1e2722cc9fbb45d9b87631ac70924c11d3a401b2d7f410cc0e3bbf249f2dca62",
                "sha256:1fe35611261b29bd1de0070f0b2f47cb6ff71fa6595c077e42bd0c419fa27b98",
                "sha256:28c119d996beec18c05208a8bd78cbe4007878c6dd15091efb73a30e90539696",
                "sha256:326c013efe8048858a6d312ddd31d56e468118ad4cdeda36c719bf5bb6192290",
                "sha256:40df9b996c2b73138957fe23a16a4f0ba614f4c0efce1e9406a184b6d07fa3a9",
                "sha256:42f8152b8dbc4fe7d96729ec2b99c7097d656dc1213a3229ca5383f973a5ed6d",
                "sha256:49a183be227561de579b4a36efbb21b3eab9651dd81b1858589f796549873dd6",
                "sha256:4fb147e7a67ef577a588a0e2c17b6db51dda102c71de36f8549b6816a96e1867",
                "sha256:50550eb667afee136e9a77d6dc71ae76a44df8b3e51e41b77f6de2932bfe0f47",
                "sha256:510c9deebc5c0225e8c96813043e62b680ba2f9c50a08d3724c7f28a747d1486",
                "sha256:5773183b6446b2c99bb77e77595dd486303b4faab2b086e7b17bc6bef28865f6",
                "sha256:596106435fa6ad000c2991a98fa58eeb8656ef2325d7e158344fb33864ed87e3",
                "sha256:6965a7bc3cf88e5a1c3bd2e0b5c22f8d677dc88a455344035f03399034eb3007",
                "sha256:69b023b2b4daa7548bcfbd4aa3da05b3a74b772db9e23b982788168117739938",
                "sha256:6c22bec3fbe2524cde73d7ada88f6566758a8f7227bfbf93a408a9d86bcc12a0",
                "sha256:704219a11b772aea0d8ecd7058d0082713c3562b4e271b849ad7dc4a5c90c13c",
                "sha256:7e07cbde391ba96ab58e532ff4803f79c4129397514e1413a7dc761ccd755735",
                "sha256:81e0b275a9ecc9c0c0c07b4b90ba548307583c125f54d5b6946cfee6360c733d",
                "sha256:855fb52b0dc35af121542a76b9a84f8d1cd886ea97c84703eaa6d88e37a2ad28",
                "sha256:8d4e9c88387b0f5c7d5f281e55304de64cf7f9c0021a3525bd3b1c542da3b0e4",
                "sha256:9046c58c4395dff28dd494285c82ba00b546adfc7ef001486fbf0324bc174fba",
                "sha256:9eb6caa9a297fc2c2fb8862bc5370d0303ddba53ba97e71f08023b6cd73d16a8",
                "sha256:a0cd17c15d3bb3fa06978b4e8958dcdc6e0174ccea823003a106c7d4d7899ac5",
                "sha256:afd7e57eddb1a54f0f1a974bc4391af8bcce0b444685d936840f125cf046d5bd",
                "sha256:b1275ad35a5d18c62a7220633c913e1b42d44b46ee12554e5fd39c70a243d6a3",
                "sha256:b786eecbdf8499b9ca1d697215862083bd6d2a99965554781d0d8d1ad31e13a0",
                "sha256:ba336e390cd8e4d1739f42dfe9bb83a3cc2e80f567d8805e11b46f4a943f5515",
                "sha256:baa90d3f661d43131ca170712d903e6295d1f7a0f595074f151c0aed377c9b9c",
                "sha256:bc1bf2925a1ecd43da378f4db9e4f799775d6367bdb94671027b73b393a7c42c",
                "sha256:bd4af7373a854424dabd882decdc5579653d7868b8fb26dc7d0e99f823aa5924",
                "sha256:bf07ee2fef7014951eeb99f56f39c9bb4af143d8aa3c21b1677805985307da34",
                "sha256:bfdf460b1736c775f2ba9f6a92bca30bc2095067b8a9d77876d1fad6cc3b4a43",
                "sha256:c8098ddcc2a85b61647b2590f825f3db38891662cfc2fc776415143f599bb859",
                "sha256:d2b04aac4d386b172d5b9692e2d2da8de7bfb6c387fa4f801fbf6fb2e6ba4673",
                "sha256:d483d2cdf104e7c9fa60c544d92981f12ad66a457afae824d146093b8c294c54",
                "sha256:d858aa552c999bc8a8d57426ed01e40bef403cd8ccdd0fc5f6f04a00414cac2a",
                "sha256:e7d73685e87afe9f3b36c799222440d6cf362062f78be1013661b00c5c6f678b",
                "sha256:f003ed9ad21d6a4713f0a9b5a7a0a79e08dd0f221aff4525a2be4c346ee60aab",
                "sha256:f22ac1c3cac4dbc50079e965eba2c1058622631e526bd9afd45fedd49ba781fa",
                "sha256:faca3bdcf85b2fc05d06ff3fbc1f83e1391b3e724afa3feba7d13eeab355484c",
                "sha256:fca0e3a251908a499833aa292323f32437106001d436eca0e6e7833256674585",
                "sha256:fd1592b3fdf65fff2ad0004b5e363300ef59ced41c2e6b3a99d4089fa8c5435d",
                "sha256:fd66fc5d0da6d9815ba2cebeb4205f95818ff4b79c3ebe268e75d961704af52f"
            ],
            "index": "pypi",
            "version": "==6.0.1"
        },
        "regex": {
            "hashes": [
                "sha256:00ba3c9818e33f1fa974693fb55d24cdc8ebafcb2e4207680669d8f8d7cca79a",
                "sha256:00e871d83a45eee2f8688d7e6849609c2ca2a04a6d48fba3dff4deef35d14f07",
                "sha256:06e9abc0e4c9ab4779c74ad99c3fc10d3967d03114449acc2c2762ad4472b8ca",
                "sha256:0b9ac09853b2a3e0d0082104036579809679e7715671cfbf89d83c1cb2a30f58",
                "sha256:0d47840dc05e0ba04fe2e26f15126de7c755496d5a8aae4a08bda4dd8d646c54",
                "sha256:0f649fa32fe734c4abdfd4edbb8381c74abf5f34bc0b3271ce687b23729299ed",
                "sha256:107ac60d1bfdc3edb53be75e2a52aff7481b92817cfdddd9b4519ccf0e54a6ff",
                "sha256:11175910f62b2b8c055f2b089e0fedd694fe2be3941b3e2633653bc51064c528",
                "sha256:12bd4bc2c632742c7ce20db48e0d99afdc05e03f0b4c1af90542e05b809a03d9",
                "sha256:16f8740eb6dbacc7113e3097b0a36065a02e37b47c936b551805d40340fb9971",
                "sha256:1c0e8fae5b27caa34177bdfa5a960c46ff2f78ee2d45c6db15ae3f64ecadde14",
                "sha256:2c54e23836650bdf2c18222c87f6f840d4943944146ca479858404fedeb9f9af",
                "sha256:3367007ad1951fde612bf65b0dffc8fd681a4ab98ac86957d16491400d661302",
                "sha256:36362386b813fa6c9146da6149a001b7bd063dabc4d49522a1f7aa65b725c7ec",
                "sha256:39807cbcbe406efca2a233884e169d056c35aa7e9f343d4e78665246a332f597",
                "sha256:39cdf8d141d6d44e8d5a12a8569d5a227f645c87df4f92179bd06e2e2705e76b",
                "sha256:3b2c3502603fab52d7619b882c25a6850b766ebd1b18de3df23b2f939360e1bd",
                "sha256:3ccf2716add72f80714b9a63899b67fa711b654be3fcdd34fa391d2d274ce767",
                "sha256:3fef4f844d2290ee0ba57addcec17eec9e3df73f10a2748485dfd6a3a188cc0f",
                "sha256:4023e2efc35a30e66e938de5aef42b520c20e7eda7bb5fb12c35e5d09a4c43f6",
                "sha256:4a3ee019a9befe84fa3e917a2dd378807e423d013377a884c1970a3c2792d293",
                "sha256:4a8bf76e3182797c6b1afa5b822d1d5802ff30284abe4599e1247be4fd6b03be",
                "sha256:4a992f702c9be9c72fa46f01ca6e18d131906a7180950958f766c2aa294d4b41",
                "sha256:4c34d4f73ea738223a094d8e0ffd6d2c1a1b4c175da34d6b0de3d8d69bee6bcc",
                "sha256:4cd1bccf99d3ef1ab6ba835308ad85be040e6a11b0977ef7ea8c8005f01a3c29",
                "sha256:4ef80829117a8061f974b2fda8ec799717242353bff55f8a29411794d635d964",
                "sha256:58837f9d221744d4c92d2cf7201c6acd19623b50c643b56992cbd2b745485d3d",
                "sha256:5a8f91c64f390ecee09ff793319f30a0f32492e99f5dc1c72bc361f23ccd0a9a",
                "sha256:5addc9d0209a9afca5fc070f93b726bf7003bd63a427f65ef797a931782e7edc",
                "sha256:6239d4e2e0b52c8bd38c51b760cd870069f0bdf99700a62cd509d7a031749a55",
                "sha256:66e2fe786ef28da2b28e222c89502b2af984858091675044d93cb50e6f46d7af",
                "sha256:69c0771ca5653c7d4b65203cbfc5e66db9375f1078689459fe196fe08b7b4930",
                "sha256:6ac965a998e1388e6ff2e9781f499ad1eaa41e962a40d11c7823c9952c77123e",
                "sha256:6c56c3d47da04f921b73ff9415fbaa939f684d47293f071aa9cbb13c94afc17d",
                "sha256:6f85739e80d13644b981a88f529d79c5bdf646b460ba190bffcaf6d57b2a9863",
                "sha256:706e7b739fdd17cb89e1fbf712d9dc21311fc2333f6d435eac2d4ee81985098c",
                "sha256:741ba2f511cc9626b7561a440f87d658aabb3d6b744a86a3c025f866b4d19e7f",
                "sha256:7434a61b158be563c1362d9071358f8ab91b8d928728cd2882af060481244c9e",
                "sha256:76066d7ff61ba6bf3cb5efe2428fc82aac91802844c022d849a1f0f53820502d",
                "sha256:7979b834ec7a33aafae34a90aad9f914c41fd6eaa8474e66953f3f6f7cbd4368",
                "sha256:7eece6fbd3eae4a92d7c748ae825cbc1ee41a89bb1c3db05b5578ed3cfcfd7cb",
                "sha256:7ef1e014eed78ab650bef9a6a9cbe50b052c0aebe553fb2881e0453717573f52",
                "sha256:81dce2ddc9f6e8f543d94b05d56e70d03a0774d32f6cca53e978dc01e4fc75b8",
                "sha256:82fcc1f1cc3ff1ab8a57ba619b149b907072e750815c5ba63e7aa2e1163384a4",
                "sha256:8d1f21af4c1539051049796a0f50aa342f9a27cde57318f2fc41ed50b0dbc4ac",
                "sha256:90a79bce019c442604662d17bf69df99090e24cdc6ad95b18b6725c2988a490e",
                "sha256:9145f092b5d1977ec8c0ab46e7b3381b2fd069957b9862a43bd383e5c01d18c2",
                "sha256:91dc1d531f80c862441d7b66c4505cd6ea9d312f01fb2f4654f40c6fdf5cc37a",
                "sha256:979c24cbefaf2420c4e377ecd1f165ea08cc3d1fbb44bdc51bccbbf7c66a2cb4",
                "sha256:994645a46c6a740ee8ce8df7911d4aee458d9b1bc5639bc968226763d07f00fa",
                "sha256:9b98b7681a9437262947f41c7fac567c7e1f6eddd94b0483596d320092004533",
                "sha256:9c6b4d23c04831e3ab61717a707a5d763b300213db49ca680edf8bf13ab5d91b",
                "sha256:9c6d0ced3c06d0f183b73d3c5920727268d2201aa0fe6d55c60d68c792ff3588",
                "sha256:9fd88f373cb71e6b59b7fa597e47e518282455c2734fd4306a05ca219a1991b0",
                "sha256:a8f4e49fc3ce020f65411432183e6775f24e02dff617281094ba6ab079ef0915",
                "sha256:a9e908ef5889cda4de038892b9accc36d33d72fb3e12c747e2799a0e806ec841",
                "sha256:ad08a69728ff3c79866d729b095872afe1e0557251da4abb2c5faff15a91d19a",
                "sha256:adbccd17dcaff65704c856bd29951c58a1bd4b2b0f8ad6b826dbd543fe740988",
                "sha256:b0c7d2f698e83f15228ba41c135501cfe7d5740181d5903e250e47f617eb4292",
                "sha256:b3ab05a182c7937fb374f7e946f04fb23a0c0699c0450e9fb02ef567412d2fa3",
                "sha256:b6104f9a46bd8743e4f738afef69b153c4b8b592d35ae46db07fc28ae3d5fb7c",
                "sha256:ba7cd6dc4d585ea544c1412019921570ebd8a597fabf475acc4528210d7c4a6f",
                "sha256:bc72c231f5449d86d6c7d9cc7cd819b6eb30134bb770b8cfdc0765e48ef9c420",
                "sha256:bce8814b076f0ce5766dc87d5a056b0e9437b8e0cd351b9a6c4e1134a7dfbda9",
                "sha256:be5e22bbb67924dea15039c3282fa4cc6cdfbe0cbbd1c0515f9223186fc2ec5f",
                "sha256:be6b7b8d42d3090b6c80793524fa66c57ad7ee3fe9722b258aec6d0672543fd0",
                "sha256:bfe50b61bab1b1ec260fa7cd91106fa9fece57e6beba05630afe27c71259c59b",
                "sha256:bff507ae210371d4b1fe316d03433ac099f184d570a1a611e541923f78f05037",
                "sha256:c148bec483cc4b421562b4bcedb8e28a3b84fcc8f0aa4418e10898f3c2c0eb9b",
                "sha256:c15ad0aee158a15e17e0495e1e18741573d04eb6da06d8b84af726cfc1ed02ee",
                "sha256:c2169b2dcabf4e608416f7f9468737583ce5f0a6e8677c4efbf795ce81109d7c",
                "sha256:c55853684fe08d4897c37dfc5faeff70607a5f1806c8be148f1695be4a63414b",
                "sha256:c65a3b5330b54103e7d21cac3f6bf3900d46f6d50138d73343d9e5b2900b2353",
                "sha256:c7964c2183c3e6cce3f497e3a9f49d182e969f2dc3aeeadfa18945ff7bdd7051",
                "sha256:cc3f1c053b73f20c7ad88b0d1d23be7e7b3901229ce89f5000a8399746a6e039",
                "sha256:ce615c92d90df8373d9e13acddd154152645c0dc060871abf6bd43809673d20a",
                "sha256:d29338556a59423d9ff7b6eb0cb89ead2b0875e08fe522f3e068b955c3e7b59b",
                "sha256:d8a993c0a0ffd5f2d3bda23d0cd75e7086736f8f8268de8a82fbc4bd0ac6791e",
                "sha256:d9c727bbcf0065cbb20f39d2b4f932f8fa1631c3e01fcedc979bd4f51fe051c5",
                "sha256:dac37cf08fcf2094159922edc7a2784cfcc5c70f8354469f79ed085f0328ebdf",
                "sha256:dd829712de97753367153ed84f2de752b86cd1f7a88b55a3a775eb52eafe8a94",
                "sha256:e54ddd0bb8fb626aa1f9ba7b36629564544954fff9669b15da3610c22b9a0991",
                "sha256:e77c90ab5997e85901da85131fd36acd0ed2221368199b65f0d11bca44549711",
                "sha256:ebedc192abbc7fd13c5ee800e83a6df252bec691eb2c4bedc9f8b2e2903f5e2a",
                "sha256:ef71561f82a89af6cfcbee47f0fabfdb6e63788a9258e913955d89fdd96902ab",
                "sha256:f0a47efb1dbef13af9c9a54a94a0b814902e547b7f21acb29434504d18f36e3a",
                "sha256:f4f2ca6df64cbdd27f27b34f35adb640b5d2d77264228554e68deda54456eb11",
                "sha256:fb02e4257376ae25c6dd95a5aec377f9b18c09be6ebdefa7ad209b9137b73d48"
            ],
            "markers": "python_version >= '3.7'",
            "version": "==2023.10.3"
        },
        "requests": {
            "hashes": [
                "sha256:58cd2187c01e70e6e26505bca751777aa9f2ee0b7f4300988b709f44e013003f",
                "sha256:942c5a758f98d790eaed1a29cb6eefc7ffb0d1cf7af05c3d2791656dbd6ad1e1"
            ],
            "index": "pypi",
            "version": "==2.31.0"
        },
        "sgp4": {
            "hashes": [
                "sha256:02ffff57475641a7133d48dbed561b1d81ccc3015fcd4dd2aeea3c9e43891a3a",
                "sha256:05b7d2b225ee12feabe31b27b8ef641b428b1d5791bd121a84a6e7adb718d04f",
                "sha256:114bfdda7ff8e47759d1a2621c679797947ea997ce9a119f44e79f856f0afe1f",
                "sha256:125a4d11eb65d4ec21974062e9e4450a2f03aac23773c023b18ad951781faa12",
                "sha256:143ce9bb3d64aa29fbac5fb24fccda3e6e6b4a4d6496d5da3f1a5160b044c020",
                "sha256:17f0a2eaad2dca065b6de25c1ceaa940ff7cfa8cc67120cb4111a00f177b86f9",
                "sha256:1c683a2a1d693521d40c484db09d25a06661cb417b5a1a7ece04a06ebcae25c7",
                "sha256:1f58976a4ad700827d63230627fe236fdd726d886dc849ac1bf228851d4bcfbc",
                "sha256:2960aa7e9b0fb63da461b91b8dde8ac8e400c8ed903f76b9ab6b25c76a20dc92",
                "sha256:2c3d7299aee0a00e639939d1f3dbd9859b368f6757f8ef4b284eb837a4ff95ed",
                "sha256:37a7b64b1b62c7d529dcac9303c0286223dbaaa34487be25e63361a78a7423b8",
                "sha256:3f5033265a813807a1f22c126b1285fdddd288ea2d092563e590c3e059daa189",
                "sha256:4115e1246d20181d35a041fa82967aea29309ed909527d198ebda17ac10982dc",
                "sha256:5156e322dcd2d2d84f154b5027c6fb5e8677c854dfe5f82cc838758c3d42e569",
                "sha256:577677457a7901301d3634ae028bbd958a4e39ec5dc278a06de6f5933992a20b",
                "sha256:5d81b1758f4748df725b1b001cbbadda0733110d336207d72f5d2b0ea586ec6b",
                "sha256:5f44914ed22c9fc9eae5990642b9a0aa350bf8036220ae026531b37b718b2c71",
                "sha256:62996bb490bf053dedde398e0b24a86542ac8407f438fc9fb966aa304d7abf43",
                "sha256:6c7442d512d3b30878ed00f44add8317d1ad396a021d9a0f92a12902caa6d042",
                "sha256:6ff82b3a91b5a475a3d91ad1b73f9877351c426530e2263248dc406fbfb35a0b",
                "sha256:780b37daaf6d8ffe3368ebed257bb6deee36fa9c7db7be46492c2b1b7bd47ac9",
                "sha256:7882390cc2465d61804ef061a640412b2bfc8f5eb708d44dfd1ba2f5ca229586",
                "sha256:92a1d16fcafb2e8de60ae3a222ed74d348b19436af6fb7f97ed562368ac00c71",
                "sha256:98ba29f2b9648d72e6eca92b573565cd9385ff439228c54079ec2462b0d1cc4b",
                "sha256:a3a35775a522b3a9db2e4d8de2fe31790ec91bd11906fcbdb48e0f2bf32648e5",
                "sha256:ad656c06e8c7f956fc23a5b8a052bd078965207baa27bf2ee00761ac666e7d53",
                "sha256:b121863da32db1ff180ed72c644e33ea8b87cbd441267bd65a8da303f5f195e0",
                "sha256:b163ed791390a058f4f6c3438bbd2a537b3ab159f39a55f814ff52a3e363173c",
                "sha256:b385243f286bd57265a51835d74a4bc4de864330cb482587248ffe134cbf8057",
                "sha256:b3950366a79cb9e37a8a9a96e02af46b978fe429f60660121b97c4b255f84572",
                "sha256:b42c0f2497578deb895c7e00a82100b831dde556defe3624521c4f03a799a4a9",
                "sha256:b4a39b599e8a9106dd39081406447210c6f25994cb0f080c28790708071bd3e7",
                "sha256:b84fd226eb4d9802f3627923fff33dffa8b44a819c37bc9f54939095e9ee98e2",
                "sha256:bdd33ec26172600b8669d0fbdab7d3a7fabe0cc8765397ab00082150fbfd4ce2",
                "sha256:c109e20da8fb8d0e1ce4897753cb0e982698ff0515aa44a6982d4920961e5ca5",
                "sha256:c5285da92eb07126f114096fe147e9cea5ae8fed43c8d38c141269bb581bf13e",
                "sha256:cec169fcebfd06f0edfb4e6d22351f4e920f144f2f36a7712cd21bab9eb59abf",
                "sha256:d2526e10150beec0bb91b3fa55ef438158a31578417ad257088d0534f6f3de57",
                "sha256:d7cb988df79a97aa7c2a809f62735fca0c58ca3ae8f49e38400f065b0057f44c",
                "sha256:e05d6dec89e4d8811bd323bdd28680cd12778d1c8960e9458c7917075c7c1ba1",
                "sha256:e3cc153b491681d3745bfcb1ad37b9c5e39bee1f8e674d2c2d7cba1a2b206d45",
                "sha256:e7bec5192cb280ffbe72cf03246cd6af49964b8c25610fa8d57a6f2b3c56e2c9",
                "sha256:e9f04fe3d9d4874e547da471c37223355024d7f8193a97b7e2517cd73ca0e379",
                "sha256:f022bf76668f261e9da64f789fe7a332878efbe166eb6d86550a16bb17d97f1a",
                "sha256:f92a1535f26568a420486d656cba591620425be2a8f475e3780b2393f71aa8c7"
            ],
            "version": "==2.22"
        },
        "six": {
            "hashes": [
                "sha256:1e61c37477a1626458e36f7b1d82aa5c9b094fa4802892072e49de9c60c4c926",
                "sha256:8abb2f1d86890a2dfb989f9a77cfcfd3e47c2a354b01111771326f8aa26e0254"
            ],
            "markers": "python_version >= '2.7' and python_version not in '3.0, 3.1, 3.2'",
            "version": "==1.16.0"
        },
        "skyfield": {
            "hashes": [
                "sha256:27a54edbc46232a11019bcd88a9b74d36770aff26ff8ee631b90a81ba0be93e4",
                "sha256:a2ddbef6f1cc3e649ad04b2317b57e8269593f2f90cc845eaccc1e4f50441112"
            ],
            "index": "pypi",
            "version": "==1.46"
        },
        "tqdm": {
            "hashes": [
                "sha256:d302b3c5b53d47bce91fea46679d9c3c6508cf6332229aa1e7d8653723793386",
                "sha256:d88e651f9db8d8551a62556d3cff9e3034274ca5d66e93197cf2490e2dcb69c7"
            ],
            "index": "pypi",
            "version": "==4.66.1"
        },
        "tzdata": {
            "hashes": [
                "sha256:11ef1e08e54acb0d4f95bdb1be05da659673de4acbd21bf9c69e94cc5e907a3a",
                "sha256:7e65763eef3120314099b6939b5546db7adce1e7d6f2e179e3df563c70511eda"
            ],
            "markers": "python_version >= '2'",
            "version": "==2023.3"
        },
        "tzlocal": {
            "hashes": [
                "sha256:49816ef2fe65ea8ac19d19aa7a1ae0551c834303d5014c6d5a62e4cbda8047b8",
                "sha256:8d399205578f1a9342816409cc1e46a93ebd5755e39ea2d85334bea911bf0e6e"
            ],
            "index": "pypi",
            "version": "==5.2"
        },
        "urllib3": {
            "hashes": [
                "sha256:c97dfde1f7bd43a71c8d2a58e369e9b2bf692d1334ea9f9cae55add7d0dd0f84",
                "sha256:fdb6d215c776278489906c2f8916e6e7d4f5a9b602ccbcfdf7f016fc8da0596e"
            ],
            "markers": "python_version >= '3.7'",
            "version": "==2.0.7"
        }
    },
    "develop": {}
}
